
Microsoft Visual Studio Solution File, Format Version 12.00
# Visual Studio 15
VisualStudioVersion = 15.0.27703.2000
MinimumVisualStudioVersion = 10.0.40219.1
Project("{9A19103F-16F7-4668-BE54-9A1E7A4F7556}") = "Website", "Website\Website.csproj", "{0326F4BB-7C10-46B4-AE80-D2936CEF7317}"
EndProject
Project("{FAE04EC0-301F-11D3-BF4B-00C04F79EFBC}") = "WebApplication", "WebApplication\WebApplication.csproj", "{8D1F636D-EBBE-4E4F-8321-8BEE2A3A4562}"
EndProject
Global
	GlobalSection(SolutionConfigurationPlatforms) = preSolution
		Debug|Any CPU = Debug|Any CPU
		Release|Any CPU = Release|Any CPU
	EndGlobalSection
	GlobalSection(ProjectConfigurationPlatforms) = postSolution
		{0326F4BB-7C10-46B4-AE80-D2936CEF7317}.Debug|Any CPU.ActiveCfg = Debug|Any CPU
		{0326F4BB-7C10-46B4-AE80-D2936CEF7317}.Debug|Any CPU.Build.0 = Debug|Any CPU
		{0326F4BB-7C10-46B4-AE80-D2936CEF7317}.Release|Any CPU.ActiveCfg = Release|Any CPU
		{0326F4BB-7C10-46B4-AE80-D2936CEF7317}.Release|Any CPU.Build.0 = Release|Any CPU
		{8D1F636D-EBBE-4E4F-8321-8BEE2A3A4562}.Debug|Any CPU.ActiveCfg = Debug|Any CPU
		{8D1F636D-EBBE-4E4F-8321-8BEE2A3A4562}.Debug|Any CPU.Build.0 = Debug|Any CPU
		{8D1F636D-EBBE-4E4F-8321-8BEE2A3A4562}.Release|Any CPU.ActiveCfg = Release|Any CPU
		{8D1F636D-EBBE-4E4F-8321-8BEE2A3A4562}.Release|Any CPU.Build.0 = Release|Any CPU
	EndGlobalSection
	GlobalSection(SolutionProperties) = preSolution
		HideSolutionNode = FALSE
	EndGlobalSection
	GlobalSection(ExtensibilityGlobals) = postSolution
		SolutionGuid = {987C11B6-2063-45BE-AD5A-2AC18A33753D}
	EndGlobalSection
EndGlobal
